// !$*UTF8*$!
{
	archiveVersion = 1;
	classes = {
	};
	objectVersion = 50;
	objects = {

/* Begin PBXBuildFile section */
		23F1C0D0243B9451007B27FF /* AppDelegate.swift in Sources */ = {isa = PBXBuildFile; fileRef = 23F1C0CF243B9451007B27FF /* AppDelegate.swift */; };
		23F1C0D2243B9451007B27FF /* SceneDelegate.swift in Sources */ = {isa = PBXBuildFile; fileRef = 23F1C0D1243B9451007B27FF /* SceneDelegate.swift */; };
		23F1C0D4243B9451007B27FF /* ViewController.swift in Sources */ = {isa = PBXBuildFile; fileRef = 23F1C0D3243B9451007B27FF /* ViewController.swift */; };
		23F1C0D7243B9451007B27FF /* Main.storyboard in Resources */ = {isa = PBXBuildFile; fileRef = 23F1C0D5243B9451007B27FF /* Main.storyboard */; };
		23F1C0DA243B9451007B27FF /* ToDoListApp.xcdatamodeld in Sources */ = {isa = PBXBuildFile; fileRef = 23F1C0D8243B9451007B27FF /* ToDoListApp.xcdatamodeld */; };
		23F1C0DC243B9452007B27FF /* Assets.xcassets in Resources */ = {isa = PBXBuildFile; fileRef = 23F1C0DB243B9452007B27FF /* Assets.xcassets */; };
		23F1C0DF243B9452007B27FF /* LaunchScreen.storyboard in Resources */ = {isa = PBXBuildFile; fileRef = 23F1C0DD243B9452007B27FF /* LaunchScreen.storyboard */; };
		23F1C0EA243B9452007B27FF /* ToDoListAppTests.swift in Sources */ = {isa = PBXBuildFile; fileRef = 23F1C0E9243B9452007B27FF /* ToDoListAppTests.swift */; };
		23F1C0F5243B9452007B27FF /* ToDoListAppUITests.swift in Sources */ = {isa = PBXBuildFile; fileRef = 23F1C0F4243B9452007B27FF /* ToDoListAppUITests.swift */; };
/* End PBXBuildFile section */

/* Begin PBXContainerItemProxy section */
		23F1C0E6243B9452007B27FF /* PBXContainerItemProxy */ = {
			isa = PBXContainerItemProxy;
			containerPortal = 23F1C0C4243B9451007B27FF /* Project object */;
			proxyType = 1;
			remoteGlobalIDString = 23F1C0CB243B9451007B27FF;
			remoteInfo = ToDoListApp;
		};
		23F1C0F1243B9452007B27FF /* PBXContainerItemProxy */ = {
			isa = PBXContainerItemProxy;
			containerPortal = 23F1C0C4243B9451007B27FF /* Project object */;
			proxyType = 1;
			remoteGlobalIDString = 23F1C0CB243B9451007B27FF;
			remoteInfo = ToDoListApp;
		};
/* End PBXContainerItemProxy section */

/* Begin PBXFileReference section */
		23F1C0CC243B9451007B27FF /* ToDoListApp.app */ = {isa = PBXFileReference; explicitFileType = wrapper.application; includeInIndex = 0; path = ToDoListApp.app; sourceTree = BUILT_PRODUCTS_DIR; };
		23F1C0CF243B9451007B27FF /* AppDelegate.swift */ = {isa = PBXFileReference; lastKnownFileType = sourcecode.swift; path = AppDelegate.swift; sourceTree = "<group>"; };
		23F1C0D1243B9451007B27FF /* SceneDelegate.swift */ = {isa = PBXFileReference; lastKnownFileType = sourcecode.swift; path = SceneDelegate.swift; sourceTree = "<group>"; };
		23F1C0D3243B9451007B27FF /* ViewController.swift */ = {isa = PBXFileReference; lastKnownFileType = sourcecode.swift; path = ViewController.swift; sourceTree = "<group>"; };
		23F1C0D6243B9451007B27FF /* Base */ = {isa = PBXFileReference; lastKnownFileType = file.storyboard; name = Base; path = Base.lproj/Main.storyboard; sourceTree = "<group>"; };
		23F1C0D9243B9451007B27FF /* ToDoListApp.xcdatamodel */ = {isa = PBXFileReference; lastKnownFileType = wrapper.xcdatamodel; path = ToDoListApp.xcdatamodel; sourceTree = "<group>"; };
		23F1C0DB243B9452007B27FF /* Assets.xcassets */ = {isa = PBXFileReference; lastKnownFileType = folder.assetcatalog; path = Assets.xcassets; sourceTree = "<group>"; };
		23F1C0DE243B9452007B27FF /* Base */ = {isa = PBXFileReference; lastKnownFileType = file.storyboard; name = Base; path = Base.lproj/LaunchScreen.storyboard; sourceTree = "<group>"; };
		23F1C0E0243B9452007B27FF /* Info.plist */ = {isa = PBXFileReference; lastKnownFileType = text.plist.xml; path = Info.plist; sourceTree = "<group>"; };
		23F1C0E5243B9452007B27FF /* ToDoListAppTests.xctest */ = {isa = PBXFileReference; explicitFileType = wrapper.cfbundle; includeInIndex = 0; path = ToDoListAppTests.xctest; sourceTree = BUILT_PRODUCTS_DIR; };
		23F1C0E9243B9452007B27FF /* ToDoListAppTests.swift */ = {isa = PBXFileReference; lastKnownFileType = sourcecode.swift; path = ToDoListAppTests.swift; sourceTree = "<group>"; };
		23F1C0EB243B9452007B27FF /* Info.plist */ = {isa = PBXFileReference; lastKnownFileType = text.plist.xml; path = Info.plist; sourceTree = "<group>"; };
		23F1C0F0243B9452007B27FF /* ToDoListAppUITests.xctest */ = {isa = PBXFileReference; explicitFileType = wrapper.cfbundle; includeInIndex = 0; path = ToDoListAppUITests.xctest; sourceTree = BUILT_PRODUCTS_DIR; };
		23F1C0F4243B9452007B27FF /* ToDoListAppUITests.swift */ = {isa = PBXFileReference; lastKnownFileType = sourcecode.swift; path = ToDoListAppUITests.swift; sourceTree = "<group>"; };
		23F1C0F6243B9452007B27FF /* Info.plist */ = {isa = PBXFileReference; lastKnownFileType = text.plist.xml; path = Info.plist; sourceTree = "<group>"; };
/* End PBXFileReference section */

/* Begin PBXFrameworksBuildPhase section */
		23F1C0C9243B9451007B27FF /* Frameworks */ = {
			isa = PBXFrameworksBuildPhase;
			buildActionMask = 2147483647;
			files = (
			);
			runOnlyForDeploymentPostprocessing = 0;
		};
		23F1C0E2243B9452007B27FF /* Frameworks */ = {
			isa = PBXFrameworksBuildPhase;
			buildActionMask = 2147483647;
			files = (
			);
			runOnlyForDeploymentPostprocessing = 0;
		};
		23F1C0ED243B9452007B27FF /* Frameworks */ = {
			isa = PBXFrameworksBuildPhase;
			buildActionMask = 2147483647;
			files = (
			);
			runOnlyForDeploymentPostprocessing = 0;
		};
/* End PBXFrameworksBuildPhase section */

/* Begin PBXGroup section */
		23F1C0C3243B9451007B27FF = {
			isa = PBXGroup;
			children = (
				23F1C0CE243B9451007B27FF /* ToDoListApp */,
				23F1C0E8243B9452007B27FF /* ToDoListAppTests */,
				23F1C0F3243B9452007B27FF /* ToDoListAppUITests */,
				23F1C0CD243B9451007B27FF /* Products */,
			);
			sourceTree = "<group>";
		};
		23F1C0CD243B9451007B27FF /* Products */ = {
			isa = PBXGroup;
			children = (
				23F1C0CC243B9451007B27FF /* ToDoListApp.app */,
				23F1C0E5243B9452007B27FF /* ToDoListAppTests.xctest */,
				23F1C0F0243B9452007B27FF /* ToDoListAppUITests.xctest */,
			);
			name = Products;
			sourceTree = "<group>";
		};
		23F1C0CE243B9451007B27FF /* ToDoListApp */ = {
			isa = PBXGroup;
			children = (
				23F1C0CF243B9451007B27FF /* AppDelegate.swift */,
				23F1C0D1243B9451007B27FF /* SceneDelegate.swift */,
				23F1C0D3243B9451007B27FF /* ViewController.swift */,
				23F1C0D5243B9451007B27FF /* Main.storyboard */,
				23F1C0DB243B9452007B27FF /* Assets.xcassets */,
				23F1C0DD243B9452007B27FF /* LaunchScreen.storyboard */,
				23F1C0E0243B9452007B27FF /* Info.plist */,
				23F1C0D8243B9451007B27FF /* ToDoListApp.xcdatamodeld */,
			);
			path = ToDoListApp;
			sourceTree = "<group>";
		};
		23F1C0E8243B9452007B27FF /* ToDoListAppTests */ = {
			isa = PBXGroup;
			children = (
				23F1C0E9243B9452007B27FF /* ToDoListAppTests.swift */,
				23F1C0EB243B9452007B27FF /* Info.plist */,
			);
			path = ToDoListAppTests;
			sourceTree = "<group>";
		};
		23F1C0F3243B9452007B27FF /* ToDoListAppUITests */ = {
			isa = PBXGroup;
			children = (
				23F1C0F4243B9452007B27FF /* ToDoListAppUITests.swift */,
				23F1C0F6243B9452007B27FF /* Info.plist */,
			);
			path = ToDoListAppUITests;
			sourceTree = "<group>";
		};
/* End PBXGroup section */

/* Begin PBXNativeTarget section */
		23F1C0CB243B9451007B27FF /* ToDoListApp */ = {
			isa = PBXNativeTarget;
			buildConfigurationList = 23F1C0F9243B9452007B27FF /* Build configuration list for PBXNativeTarget "ToDoListApp" */;
			buildPhases = (
				23F1C0C8243B9451007B27FF /* Sources */,
				23F1C0C9243B9451007B27FF /* Frameworks */,
				23F1C0CA243B9451007B27FF /* Resources */,
			);
			buildRules = (
			);
			dependencies = (
			);
			name = ToDoListApp;
			productName = ToDoListApp;
			productReference = 23F1C0CC243B9451007B27FF /* ToDoListApp.app */;
			productType = "com.apple.product-type.application";
		};
		23F1C0E4243B9452007B27FF /* ToDoListAppTests */ = {
			isa = PBXNativeTarget;
			buildConfigurationList = 23F1C0FC243B9452007B27FF /* Build configuration list for PBXNativeTarget "ToDoListAppTests" */;
			buildPhases = (
				23F1C0E1243B9452007B27FF /* Sources */,
				23F1C0E2243B9452007B27FF /* Frameworks */,
				23F1C0E3243B9452007B27FF /* Resources */,
			);
			buildRules = (
			);
			dependencies = (
				23F1C0E7243B9452007B27FF /* PBXTargetDependency */,
			);
			name = ToDoListAppTests;
			productName = ToDoListAppTests;
			productReference = 23F1C0E5243B9452007B27FF /* ToDoListAppTests.xctest */;
			productType = "com.apple.product-type.bundle.unit-test";
		};
		23F1C0EF243B9452007B27FF /* ToDoListAppUITests */ = {
			isa = PBXNativeTarget;
			buildConfigurationList = 23F1C0FF243B9452007B27FF /* Build configuration list for PBXNativeTarget "ToDoListAppUITests" */;
			buildPhases = (
				23F1C0EC243B9452007B27FF /* Sources */,
				23F1C0ED243B9452007B27FF /* Frameworks */,
				23F1C0EE243B9452007B27FF /* Resources */,
			);
			buildRules = (
			);
			dependencies = (
				23F1C0F2243B9452007B27FF /* PBXTargetDependency */,
			);
			name = ToDoListAppUITests;
			productName = ToDoListAppUITests;
			productReference = 23F1C0F0243B9452007B27FF /* ToDoListAppUITests.xctest */;
			productType = "com.apple.product-type.bundle.ui-testing";
		};
/* End PBXNativeTarget section */

/* Begin PBXProject section */
		23F1C0C4243B9451007B27FF /* Project object */ = {
			isa = PBXProject;
			attributes = {
				LastSwiftUpdateCheck = 1130;
				LastUpgradeCheck = 1130;
				ORGANIZATIONNAME = "Arun Kappattiparambil Parameswaran";
				TargetAttributes = {
					23F1C0CB243B9451007B27FF = {
						CreatedOnToolsVersion = 11.3.1;
					};
					23F1C0E4243B9452007B27FF = {
						CreatedOnToolsVersion = 11.3.1;
						TestTargetID = 23F1C0CB243B9451007B27FF;
					};
					23F1C0EF243B9452007B27FF = {
						CreatedOnToolsVersion = 11.3.1;
						TestTargetID = 23F1C0CB243B9451007B27FF;
					};
				};
			};
			buildConfigurationList = 23F1C0C7243B9451007B27FF /* Build configuration list for PBXProject "ToDoListApp" */;
			compatibilityVersion = "Xcode 9.3";
			developmentRegion = en;
			hasScannedForEncodings = 0;
			knownRegions = (
				en,
				Base,
			);
			mainGroup = 23F1C0C3243B9451007B27FF;
			productRefGroup = 23F1C0CD243B9451007B27FF /* Products */;
			projectDirPath = "";
			projectRoot = "";
			targets = (
				23F1C0CB243B9451007B27FF /* ToDoListApp */,
				23F1C0E4243B9452007B27FF /* ToDoListAppTests */,
				23F1C0EF243B9452007B27FF /* ToDoListAppUITests */,
			);
		};
/* End PBXProject section */

/* Begin PBXResourcesBuildPhase section */
		23F1C0CA243B9451007B27FF /* Resources */ = {
			isa = PBXResourcesBuildPhase;
			buildActionMask = 2147483647;
			files = (
				23F1C0DF243B9452007B27FF /* LaunchScreen.storyboard in Resources */,
				23F1C0DC243B9452007B27FF /* Assets.xcassets in Resources */,
				23F1C0D7243B9451007B27FF /* Main.storyboard in Resources */,
			);
			runOnlyForDeploymentPostprocessing = 0;
		};
		23F1C0E3243B9452007B27FF /* Resources */ = {
			isa = PBXResourcesBuildPhase;
			buildActionMask = 2147483647;
			files = (
			);
			runOnlyForDeploymentPostprocessing = 0;
		};
		23F1C0EE243B9452007B27FF /* Resources */ = {
			isa = PBXResourcesBuildPhase;
			buildActionMask = 2147483647;
			files = (
			);
			runOnlyForDeploymentPostprocessing = 0;
		};
/* End PBXResourcesBuildPhase section */

/* Begin PBXSourcesBuildPhase section */
		23F1C0C8243B9451007B27FF /* Sources */ = {
			isa = PBXSourcesBuildPhase;
			buildActionMask = 2147483647;
			files = (
				23F1C0D4243B9451007B27FF /* ViewController.swift in Sources */,
				23F1C0D0243B9451007B27FF /* AppDelegate.swift in Sources */,
				23F1C0D2243B9451007B27FF /* SceneDelegate.swift in Sources */,
				23F1C0DA243B9451007B27FF /* ToDoListApp.xcdatamodeld in Sources */,
			);
			runOnlyForDeploymentPostprocessing = 0;
		};
		23F1C0E1243B9452007B27FF /* Sources */ = {
			isa = PBXSourcesBuildPhase;
			buildActionMask = 2147483647;
			files = (
				23F1C0EA243B9452007B27FF /* ToDoListAppTests.swift in Sources */,
			);
			runOnlyForDeploymentPostprocessing = 0;
		};
		23F1C0EC243B9452007B27FF /* Sources */ = {
			isa = PBXSourcesBuildPhase;
			buildActionMask = 2147483647;
			files = (
				23F1C0F5243B9452007B27FF /* ToDoListAppUITests.swift in Sources */,
			);
			runOnlyForDeploymentPostprocessing = 0;
		};
/* End PBXSourcesBuildPhase section */

/* Begin PBXTargetDependency section */
		23F1C0E7243B9452007B27FF /* PBXTargetDependency */ = {
			isa = PBXTargetDependency;
			target = 23F1C0CB243B9451007B27FF /* ToDoListApp */;
			targetProxy = 23F1C0E6243B9452007B27FF /* PBXContainerItemProxy */;
		};
		23F1C0F2243B9452007B27FF /* PBXTargetDependency */ = {
			isa = PBXTargetDependency;
			target = 23F1C0CB243B9451007B27FF /* ToDoListApp */;
			targetProxy = 23F1C0F1243B9452007B27FF /* PBXContainerItemProxy */;
		};
/* End PBXTargetDependency section */

/* Begin PBXVariantGroup section */
		23F1C0D5243B9451007B27FF /* Main.storyboard */ = {
			isa = PBXVariantGroup;
			children = (
				23F1C0D6243B9451007B27FF /* Base */,
			);
			name = Main.storyboard;
			sourceTree = "<group>";
		};
		23F1C0DD243B9452007B27FF /* LaunchScreen.storyboard */ = {
			isa = PBXVariantGroup;
			children = (
				23F1C0DE243B9452007B27FF /* Base */,
			);
			name = LaunchScreen.storyboard;
			sourceTree = "<group>";
		};
/* End PBXVariantGroup section */

/* Begin XCBuildConfiguration section */
		23F1C0F7243B9452007B27FF /* Debug */ = {
			isa = XCBuildConfiguration;
			buildSettings = {
				ALWAYS_SEARCH_USER_PATHS = NO;
				CLANG_ANALYZER_NONNULL = YES;
				CLANG_ANALYZER_NUMBER_OBJECT_CONVERSION = YES_AGGRESSIVE;
				CLANG_CXX_LANGUAGE_STANDARD = "gnu++14";
				CLANG_CXX_LIBRARY = "libc++";
				CLANG_ENABLE_MODULES = YES;
				CLANG_ENABLE_OBJC_ARC = YES;
				CLANG_ENABLE_OBJC_WEAK = YES;
				CLANG_WARN_BLOCK_CAPTURE_AUTORELEASING = YES;
				CLANG_WARN_BOOL_CONVERSION = YES;
				CLANG_WARN_COMMA = YES;
				CLANG_WARN_CONSTANT_CONVERSION = YES;
				CLANG_WARN_DEPRECATED_OBJC_IMPLEMENTATIONS = YES;
				CLANG_WARN_DIRECT_OBJC_ISA_USAGE = YES_ERROR;
				CLANG_WARN_DOCUMENTATION_COMMENTS = YES;
				CLANG_WARN_EMPTY_BODY = YES;
				CLANG_WARN_ENUM_CONVERSION = YES;
				CLANG_WARN_INFINITE_RECURSION = YES;
				CLANG_WARN_INT_CONVERSION = YES;
				CLANG_WARN_NON_LITERAL_NULL_CONVERSION = YES;
				CLANG_WARN_OBJC_IMPLICIT_RETAIN_SELF = YES;
				CLANG_WARN_OBJC_LITERAL_CONVERSION = YES;
				CLANG_WARN_OBJC_ROOT_CLASS = YES_ERROR;
				CLANG_WARN_RANGE_LOOP_ANALYSIS = YES;
				CLANG_WARN_STRICT_PROTOTYPES = YES;
				CLANG_WARN_SUSPICIOUS_MOVE = YES;
				CLANG_WARN_UNGUARDED_AVAILABILITY = YES_AGGRESSIVE;
				CLANG_WARN_UNREACHABLE_CODE = YES;
				CLANG_WARN__DUPLICATE_METHOD_MATCH = YES;
				COPY_PHASE_STRIP = NO;
				DEBUG_INFORMATION_FORMAT = dwarf;
				ENABLE_STRICT_OBJC_MSGSEND = YES;
				ENABLE_TESTABILITY = YES;
				GCC_C_LANGUAGE_STANDARD = gnu11;
				GCC_DYNAMIC_NO_PIC = NO;
				GCC_NO_COMMON_BLOCKS = YES;
				GCC_OPTIMIZATION_LEVEL = 0;
				GCC_PREPROCESSOR_DEFINITIONS = (
					"DEBUG=1",
					"$(inherited)",
				);
				GCC_WARN_64_TO_32_BIT_CONVERSION = YES;
				GCC_WARN_ABOUT_RETURN_TYPE = YES_ERROR;
				GCC_WARN_UNDECLARED_SELECTOR = YES;
				GCC_WARN_UNINITIALIZED_AUTOS = YES_AGGRESSIVE;
				GCC_WARN_UNUSED_FUNCTION = YES;
				GCC_WARN_UNUSED_VARIABLE = YES;
				IPHONEOS_DEPLOYMENT_TARGET = 13.2;
				MTL_ENABLE_DEBUG_INFO = INCLUDE_SOURCE;
				MTL_FAST_MATH = YES;
				ONLY_ACTIVE_ARCH = YES;
				SDKROOT = iphoneos;
				SWIFT_ACTIVE_COMPILATION_CONDITIONS = DEBUG;
				SWIFT_OPTIMIZATION_LEVEL = "-Onone";
			};
			name = Debug;
		};
		23F1C0F8243B9452007B27FF /* Release */ = {
			isa = XCBuildConfiguration;
			buildSettings = {
				ALWAYS_SEARCH_USER_PATHS = NO;
				CLANG_ANALYZER_NONNULL = YES;
				CLANG_ANALYZER_NUMBER_OBJECT_CONVERSION = YES_AGGRESSIVE;
				CLANG_CXX_LANGUAGE_STANDARD = "gnu++14";
				CLANG_CXX_LIBRARY = "libc++";
				CLANG_ENABLE_MODULES = YES;
				CLANG_ENABLE_OBJC_ARC = YES;
				CLANG_ENABLE_OBJC_WEAK = YES;
				CLANG_WARN_BLOCK_CAPTURE_AUTORELEASING = YES;
				CLANG_WARN_BOOL_CONVERSION = YES;
				CLANG_WARN_COMMA = YES;
				CLANG_WARN_CONSTANT_CONVERSION = YES;
				CLANG_WARN_DEPRECATED_OBJC_IMPLEMENTATIONS = YES;
				CLANG_WARN_DIRECT_OBJC_ISA_USAGE = YES_ERROR;
				CLANG_WARN_DOCUMENTATION_COMMENTS = YES;
				CLANG_WARN_EMPTY_BODY = YES;
				CLANG_WARN_ENUM_CONVERSION = YES;
				CLANG_WARN_INFINITE_RECURSION = YES;
				CLANG_WARN_INT_CONVERSION = YES;
				CLANG_WARN_NON_LITERAL_NULL_CONVERSION = YES;
				CLANG_WARN_OBJC_IMPLICIT_RETAIN_SELF = YES;
				CLANG_WARN_OBJC_LITERAL_CONVERSION = YES;
				CLANG_WARN_OBJC_ROOT_CLASS = YES_ERROR;
				CLANG_WARN_RANGE_LOOP_ANALYSIS = YES;
				CLANG_WARN_STRICT_PROTOTYPES = YES;
				CLANG_WARN_SUSPICIOUS_MOVE = YES;
				CLANG_WARN_UNGUARDED_AVAILABILITY = YES_AGGRESSIVE;
				CLANG_WARN_UNREACHABLE_CODE = YES;
				CLANG_WARN__DUPLICATE_METHOD_MATCH = YES;
				COPY_PHASE_STRIP = NO;
				DEBUG_INFORMATION_FORMAT = "dwarf-with-dsym";
				ENABLE_NS_ASSERTIONS = NO;
				ENABLE_STRICT_OBJC_MSGSEND = YES;
				GCC_C_LANGUAGE_STANDARD = gnu11;
				GCC_NO_COMMON_BLOCKS = YES;
				GCC_WARN_64_TO_32_BIT_CONVERSION = YES;
				GCC_WARN_ABOUT_RETURN_TYPE = YES_ERROR;
				GCC_WARN_UNDECLARED_SELECTOR = YES;
				GCC_WARN_UNINITIALIZED_AUTOS = YES_AGGRESSIVE;
				GCC_WARN_UNUSED_FUNCTION = YES;
				GCC_WARN_UNUSED_VARIABLE = YES;
				IPHONEOS_DEPLOYMENT_TARGET = 13.2;
				MTL_ENABLE_DEBUG_INFO = NO;
				MTL_FAST_MATH = YES;
				SDKROOT = iphoneos;
				SWIFT_COMPILATION_MODE = wholemodule;
				SWIFT_OPTIMIZATION_LEVEL = "-O";
				VALIDATE_PRODUCT = YES;
			};
			name = Release;
		};
		23F1C0FA243B9452007B27FF /* Debug */ = {
			isa = XCBuildConfiguration;
			buildSettings = {
				ASSETCATALOG_COMPILER_APPICON_NAME = AppIcon;
				CODE_SIGN_STYLE = Automatic;
				INFOPLIST_FILE = ToDoListApp/Info.plist;
				LD_RUNPATH_SEARCH_PATHS = (
					"$(inherited)",
					"@executable_path/Frameworks",
				);
				PRODUCT_BUNDLE_IDENTIFIER = com.cpo.ToDoListApp;
				PRODUCT_NAME = "$(TARGET_NAME)";
				SWIFT_VERSION = 5.0;
				TARGETED_DEVICE_FAMILY = "1,2";
			};
			name = Debug;
		};
		23F1C0FB243B9452007B27FF /* Release */ = {
			isa = XCBuildConfiguration;
			buildSettings = {
				ASSETCATALOG_COMPILER_APPICON_NAME = AppIcon;
				CODE_SIGN_STYLE = Automatic;
				INFOPLIST_FILE = ToDoListApp/Info.plist;
				LD_RUNPATH_SEARCH_PATHS = (
					"$(inherited)",
					"@executable_path/Frameworks",
				);
				PRODUCT_BUNDLE_IDENTIFIER = com.cpo.ToDoListApp;
				PRODUCT_NAME = "$(TARGET_NAME)";
				SWIFT_VERSION = 5.0;
				TARGETED_DEVICE_FAMILY = "1,2";
			};
			name = Release;
		};
		23F1C0FD243B9452007B27FF /* Debug */ = {
			isa = XCBuildConfiguration;
			buildSettings = {
				ALWAYS_EMBED_SWIFT_STANDARD_LIBRARIES = YES;
				BUNDLE_LOADER = "$(TEST_HOST)";
				CODE_SIGN_STYLE = Automatic;
				INFOPLIST_FILE = ToDoListAppTests/Info.plist;
				IPHONEOS_DEPLOYMENT_TARGET = 13.2;
				LD_RUNPATH_SEARCH_PATHS = (
					"$(inherited)",
					"@executable_path/Frameworks",
					"@loader_path/Frameworks",
				);
				PRODUCT_BUNDLE_IDENTIFIER = com.cpo.ToDoListAppTests;
				PRODUCT_NAME = "$(TARGET_NAME)";
				SWIFT_VERSION = 5.0;
				TARGETED_DEVICE_FAMILY = "1,2";
				TEST_HOST = "$(BUILT_PRODUCTS_DIR)/ToDoListApp.app/ToDoListApp";
			};
			name = Debug;
		};
		23F1C0FE243B9452007B27FF /* Release */ = {
			isa = XCBuildConfiguration;
			buildSettings = {
				ALWAYS_EMBED_SWIFT_STANDARD_LIBRARIES = YES;
				BUNDLE_LOADER = "$(TEST_HOST)";
				CODE_SIGN_STYLE = Automatic;
				INFOPLIST_FILE = ToDoListAppTests/Info.plist;
				IPHONEOS_DEPLOYMENT_TARGET = 13.2;
				LD_RUNPATH_SEARCH_PATHS = (
					"$(inherited)",
					"@executable_path/Frameworks",
					"@loader_path/Frameworks",
				);
				PRODUCT_BUNDLE_IDENTIFIER = com.cpo.ToDoListAppTests;
				PRODUCT_NAME = "$(TARGET_NAME)";
				SWIFT_VERSION = 5.0;
				TARGETED_DEVICE_FAMILY = "1,2";
				TEST_HOST = "$(BUILT_PRODUCTS_DIR)/ToDoListApp.app/ToDoListApp";
			};
			name = Release;
		};
		23F1C100243B9452007B27FF /* Debug */ = {
			isa = XCBuildConfiguration;
			buildSettings = {
				ALWAYS_EMBED_SWIFT_STANDARD_LIBRARIES = YES;
				CODE_SIGN_STYLE = Automatic;
				INFOPLIST_FILE = ToDoListAppUITests/Info.plist;
				LD_RUNPATH_SEARCH_PATHS = (
					"$(inherited)",
					"@executable_path/Frameworks",
					"@loader_path/Frameworks",
				);
				PRODUCT_BUNDLE_IDENTIFIER = com.cpo.ToDoListAppUITests;
				PRODUCT_NAME = "$(TARGET_NAME)";
				SWIFT_VERSION = 5.0;
				TARGETED_DEVICE_FAMILY = "1,2";
				TEST_TARGET_NAME = ToDoListApp;
			};
			name = Debug;
		};
		23F1C101243B9452007B27FF /* Release */ = {
			isa = XCBuildConfiguration;
			buildSettings = {
				ALWAYS_EMBED_SWIFT_STANDARD_LIBRARIES = YES;
				CODE_SIGN_STYLE = Automatic;
				INFOPLIST_FILE = ToDoListAppUITests/Info.plist;
				LD_RUNPATH_SEARCH_PATHS = (
					"$(inherited)",
					"@executable_path/Frameworks",
					"@loader_path/Frameworks",
				);
				PRODUCT_BUNDLE_IDENTIFIER = com.cpo.ToDoListAppUITests;
				PRODUCT_NAME = "$(TARGET_NAME)";
				SWIFT_VERSION = 5.0;
				TARGETED_DEVICE_FAMILY = "1,2";
				TEST_TARGET_NAME = ToDoListApp;
			};
			name = Release;
		};
/* End XCBuildConfiguration section */

/* Begin XCConfigurationList section */
		23F1C0C7243B9451007B27FF /* Build configuration list for PBXProject "ToDoListApp" */ = {
			isa = XCConfigurationList;
			buildConfigurations = (
				23F1C0F7243B9452007B27FF /* Debug */,
				23F1C0F8243B9452007B27FF /* Release */,
			);
			defaultConfigurationIsVisible = 0;
			defaultConfigurationName = Release;
		};
		23F1C0F9243B9452007B27FF /* Build configuration list for PBXNativeTarget "ToDoListApp" */ = {
			isa = XCConfigurationList;
			buildConfigurations = (
				23F1C0FA243B9452007B27FF /* Debug */,
				23F1C0FB243B9452007B27FF /* Release */,
			);
			defaultConfigurationIsVisible = 0;
			defaultConfigurationName = Release;
		};
		23F1C0FC243B9452007B27FF /* Build configuration list for PBXNativeTarget "ToDoListAppTests" */ = {
			isa = XCConfigurationList;
			buildConfigurations = (
				23F1C0FD243B9452007B27FF /* Debug */,
				23F1C0FE243B9452007B27FF /* Release */,
			);
			defaultConfigurationIsVisible = 0;
			defaultConfigurationName = Release;
		};
		23F1C0FF243B9452007B27FF /* Build configuration list for PBXNativeTarget "ToDoListAppUITests" */ = {
			isa = XCConfigurationList;
			buildConfigurations = (
				23F1C100243B9452007B27FF /* Debug */,
				23F1C101243B9452007B27FF /* Release */,
			);
			defaultConfigurationIsVisible = 0;
			defaultConfigurationName = Release;
		};
/* End XCConfigurationList section */

/* Begin XCVersionGroup section */
		23F1C0D8243B9451007B27FF /* ToDoListApp.xcdatamodeld */ = {
			isa = XCVersionGroup;
			children = (
				23F1C0D9243B9451007B27FF /* ToDoListApp.xcdatamodel */,
			);
			currentVersion = 23F1C0D9243B9451007B27FF /* ToDoListApp.xcdatamodel */;
			path = ToDoListApp.xcdatamodeld;
			sourceTree = "<group>";
			versionGroupType = wrapper.xcdatamodel;
		};
/* End XCVersionGroup section */
	};
	rootObject = 23F1C0C4243B9451007B27FF /* Project object */;
}
